
Microsoft Visual Studio Solution File, Format Version 12.00
# Visual Studio Version 17
VisualStudioVersion = 17.4.33213.308
MinimumVisualStudioVersion = 10.0.40219.1
Project("{FAE04EC0-301F-11D3-BF4B-00C04F79EFBC}") = "Week8EpicGame", "Week8EpicGame\Week8EpicGame.csproj", "{C044E767-2CEA-432E-97E9-CF509258B343}"
EndProject
Global
	GlobalSection(SolutionConfigurationPlatforms) = preSolution
		Debug|Any CPU = Debug|Any CPU
		Release|Any CPU = Release|Any CPU
	EndGlobalSection
	GlobalSection(ProjectConfigurationPlatforms) = postSolution
		{C044E767-2CEA-432E-97E9-CF509258B343}.Debug|Any CPU.ActiveCfg = Debug|Any CPU
		{C044E767-2CEA-432E-97E9-CF509258B343}.Debug|Any CPU.Build.0 = Debug|Any CPU
		{C044E767-2CEA-432E-97E9-CF509258B343}.Release|Any CPU.ActiveCfg = Release|Any CPU
		{C044E767-2CEA-432E-97E9-CF509258B343}.Release|Any CPU.Build.0 = Release|Any CPU
	EndGlobalSection
	GlobalSection(SolutionProperties) = preSolution
		HideSolutionNode = FALSE
	EndGlobalSection
	GlobalSection(ExtensibilityGlobals) = postSolution
		SolutionGuid = {15205348-743D-49CA-8349-2EC3AAFAC5DE}
	EndGlobalSection
EndGlobal
